
Microsoft Visual Studio Solution File, Format Version 12.00
# Visual Studio Version 16
VisualStudioVersion = 16.0.31205.134
MinimumVisualStudioVersion = 10.0.40219.1
Project("{8BC9CEB8-8B4A-11D0-8D11-00A0C91BC942}") = "Phase2-Revision", "Phase2-Revision\Phase2-Revision.vcxproj", "{B4226ADF-9B5E-4370-A02C-7A6AE4B852D3}"
EndProject
Global
	GlobalSection(SolutionConfigurationPlatforms) = preSolution
		Debug|x64 = Debug|x64
		Debug|x86 = Debug|x86
		Release|x64 = Release|x64
		Release|x86 = Release|x86
	EndGlobalSection
	GlobalSection(ProjectConfigurationPlatforms) = postSolution
		{B4226ADF-9B5E-4370-A02C-7A6AE4B852D3}.Debug|x64.ActiveCfg = Debug|x64
		{B4226ADF-9B5E-4370-A02C-7A6AE4B852D3}.Debug|x64.Build.0 = Debug|x64
		{B4226ADF-9B5E-4370-A02C-7A6AE4B852D3}.Debug|x86.ActiveCfg = Debug|Win32
		{B4226ADF-9B5E-4370-A02C-7A6AE4B852D3}.Debug|x86.Build.0 = Debug|Win32
		{B4226ADF-9B5E-4370-A02C-7A6AE4B852D3}.Release|x64.ActiveCfg = Release|x64
		{B4226ADF-9B5E-4370-A02C-7A6AE4B852D3}.Release|x64.Build.0 = Release|x64
		{B4226ADF-9B5E-4370-A02C-7A6AE4B852D3}.Release|x86.ActiveCfg = Release|Win32
		{B4226ADF-9B5E-4370-A02C-7A6AE4B852D3}.Release|x86.Build.0 = Release|Win32
	EndGlobalSection
	GlobalSection(SolutionProperties) = preSolution
		HideSolutionNode = FALSE
	EndGlobalSection
	GlobalSection(ExtensibilityGlobals) = postSolution
		SolutionGuid = {4510AAB9-1874-4217-8819-C50B0A0FAEE0}
	EndGlobalSection
EndGlobal
